
Microsoft Visual Studio Solution File, Format Version 12.00
# Visual Studio 15
VisualStudioVersion = 15.0.28307.757
MinimumVisualStudioVersion = 10.0.40219.1
Project("{FAE04EC0-301F-11D3-BF4B-00C04F79EFBC}") = "pyRevitDevHooks", "pyRevitDevHooks\pyRevitDevHooks.csproj", "{EB5DD15B-11BB-4991-B0D0-4A97E7CD3595}"
EndProject
Global
	GlobalSection(SolutionConfigurationPlatforms) = preSolution
		Debug|Any CPU = Debug|Any CPU
		Debug|ARM = Debug|ARM
		Debug|ARM64 = Debug|ARM64
		Debug|x64 = Debug|x64
		Debug|x86 = Debug|x86
		Release|Any CPU = Release|Any CPU
		Release|ARM = Release|ARM
		Release|ARM64 = Release|ARM64
		Release|x64 = Release|x64
		Release|x86 = Release|x86
	EndGlobalSection
	GlobalSection(ProjectConfigurationPlatforms) = postSolution
		{EB5DD15B-11BB-4991-B0D0-4A97E7CD3595}.Debug|Any CPU.ActiveCfg = Debug|Any CPU
		{EB5DD15B-11BB-4991-B0D0-4A97E7CD3595}.Debug|Any CPU.Build.0 = Debug|Any CPU
		{EB5DD15B-11BB-4991-B0D0-4A97E7CD3595}.Debug|ARM.ActiveCfg = Debug|Any CPU
		{EB5DD15B-11BB-4991-B0D0-4A97E7CD3595}.Debug|ARM.Build.0 = Debug|Any CPU
		{EB5DD15B-11BB-4991-B0D0-4A97E7CD3595}.Debug|ARM64.ActiveCfg = Debug|Any CPU
		{EB5DD15B-11BB-4991-B0D0-4A97E7CD3595}.Debug|ARM64.Build.0 = Debug|Any CPU
		{EB5DD15B-11BB-4991-B0D0-4A97E7CD3595}.Debug|x64.ActiveCfg = Debug|Any CPU
		{EB5DD15B-11BB-4991-B0D0-4A97E7CD3595}.Debug|x64.Build.0 = Debug|Any CPU
		{EB5DD15B-11BB-4991-B0D0-4A97E7CD3595}.Debug|x86.ActiveCfg = Debug|Any CPU
		{EB5DD15B-11BB-4991-B0D0-4A97E7CD3595}.Debug|x86.Build.0 = Debug|Any CPU
		{EB5DD15B-11BB-4991-B0D0-4A97E7CD3595}.Release|Any CPU.ActiveCfg = Release|Any CPU
		{EB5DD15B-11BB-4991-B0D0-4A97E7CD3595}.Release|Any CPU.Build.0 = Release|Any CPU
		{EB5DD15B-11BB-4991-B0D0-4A97E7CD3595}.Release|ARM.ActiveCfg = Release|Any CPU
		{EB5DD15B-11BB-4991-B0D0-4A97E7CD3595}.Release|ARM.Build.0 = Release|Any CPU
		{EB5DD15B-11BB-4991-B0D0-4A97E7CD3595}.Release|ARM64.ActiveCfg = Release|Any CPU
		{EB5DD15B-11BB-4991-B0D0-4A97E7CD3595}.Release|ARM64.Build.0 = Release|Any CPU
		{EB5DD15B-11BB-4991-B0D0-4A97E7CD3595}.Release|x64.ActiveCfg = Release|Any CPU
		{EB5DD15B-11BB-4991-B0D0-4A97E7CD3595}.Release|x64.Build.0 = Release|Any CPU
		{EB5DD15B-11BB-4991-B0D0-4A97E7CD3595}.Release|x86.ActiveCfg = Release|Any CPU
		{EB5DD15B-11BB-4991-B0D0-4A97E7CD3595}.Release|x86.Build.0 = Release|Any CPU
	EndGlobalSection
	GlobalSection(SolutionProperties) = preSolution
		HideSolutionNode = FALSE
	EndGlobalSection
	GlobalSection(ExtensibilityGlobals) = postSolution
		SolutionGuid = {AA5DAEC8-DD78-427C-AAAD-2FF97E581A98}
	EndGlobalSection
EndGlobal
