
Microsoft Visual Studio Solution File, Format Version 12.00
# Blend for Visual Studio 15
VisualStudioVersion = 15.0.27703.2000
MinimumVisualStudioVersion = 10.0.40219.1
Project("{FAE04EC0-301F-11D3-BF4B-00C04F79EFBC}") = "WPFEdit", "WPFEdit\WPFEdit.csproj", "{34A98B57-8933-48CF-BC4E-50D700975128}"
EndProject
Global
	GlobalSection(SolutionConfigurationPlatforms) = preSolution
		Debug|Any CPU = Debug|Any CPU
		Release|Any CPU = Release|Any CPU
	EndGlobalSection
	GlobalSection(ProjectConfigurationPlatforms) = postSolution
		{34A98B57-8933-48CF-BC4E-50D700975128}.Debug|Any CPU.ActiveCfg = Debug|Any CPU
		{34A98B57-8933-48CF-BC4E-50D700975128}.Debug|Any CPU.Build.0 = Debug|Any CPU
		{34A98B57-8933-48CF-BC4E-50D700975128}.Release|Any CPU.ActiveCfg = Release|Any CPU
		{34A98B57-8933-48CF-BC4E-50D700975128}.Release|Any CPU.Build.0 = Release|Any CPU
	EndGlobalSection
	GlobalSection(SolutionProperties) = preSolution
		HideSolutionNode = FALSE
	EndGlobalSection
	GlobalSection(ExtensibilityGlobals) = postSolution
		SolutionGuid = {D0CB2A9F-BD15-4441-924B-2025219748BB}
	EndGlobalSection
EndGlobal
