
Microsoft Visual Studio Solution File, Format Version 12.00
# Visual Studio Version 17
VisualStudioVersion = 17.5.33627.172
MinimumVisualStudioVersion = 10.0.40219.1
Project("{9A19103F-16F7-4668-BE54-9A1E7A4F7556}") = "pyRevitLabs.Common", "pyRevitLabs.Common\pyRevitLabs.Common.csproj", "{C5A03112-6EE1-415F-B53D-5D732D9F47AD}"
EndProject
Project("{9A19103F-16F7-4668-BE54-9A1E7A4F7556}") = "pyRevitLabs.CommonWPF", "pyRevitLabs.CommonWPF\pyRevitLabs.CommonWPF.csproj", "{15E9A99D-11E3-4D46-B333-79A10427F682}"
	ProjectSection(ProjectDependencies) = postProject
		{C5A03112-6EE1-415F-B53D-5D732D9F47AD} = {C5A03112-6EE1-415F-B53D-5D732D9F47AD}
	EndProjectSection
EndProject
Project("{9A19103F-16F7-4668-BE54-9A1E7A4F7556}") = "pyRevitLabs.CommonCLI", "pyRevitLabs.CommonCLI\pyRevitLabs.CommonCLI.csproj", "{614720BA-C0E3-4199-9A5E-D2468FFCBFE5}"
	ProjectSection(ProjectDependencies) = postProject
		{C5A03112-6EE1-415F-B53D-5D732D9F47AD} = {C5A03112-6EE1-415F-B53D-5D732D9F47AD}
	EndProjectSection
EndProject
Project("{9A19103F-16F7-4668-BE54-9A1E7A4F7556}") = "pyRevitLabs.TargetApps.Revit", "pyRevitLabs.TargetApps.Revit\pyRevitLabs.TargetApps.Revit.csproj", "{ED0FB7A2-E4A8-4490-A020-73140BFBCE0B}"
	ProjectSection(ProjectDependencies) = postProject
		{C5A03112-6EE1-415F-B53D-5D732D9F47AD} = {C5A03112-6EE1-415F-B53D-5D732D9F47AD}
	EndProjectSection
EndProject
Project("{9A19103F-16F7-4668-BE54-9A1E7A4F7556}") = "pyRevitLabs.TargetApps.Navisworks", "pyRevitLabs.TargetApps.Navisworks\pyRevitLabs.TargetApps.Navisworks.csproj", "{57323698-75AF-4345-827D-2E625A56CBF2}"
	ProjectSection(ProjectDependencies) = postProject
		{C5A03112-6EE1-415F-B53D-5D732D9F47AD} = {C5A03112-6EE1-415F-B53D-5D732D9F47AD}
	EndProjectSection
EndProject
Project("{9A19103F-16F7-4668-BE54-9A1E7A4F7556}") = "pyRevitLabs.TargetApps.AutoCAD", "pyRevitLabs.TargetApps.AutoCAD\pyRevitLabs.TargetApps.AutoCAD.csproj", "{0C382E44-C594-4F08-9469-20C0D25BA581}"
	ProjectSection(ProjectDependencies) = postProject
		{C5A03112-6EE1-415F-B53D-5D732D9F47AD} = {C5A03112-6EE1-415F-B53D-5D732D9F47AD}
	EndProjectSection
EndProject
Project("{9A19103F-16F7-4668-BE54-9A1E7A4F7556}") = "pyRevitCLI", "pyRevitCLI\pyRevitCLI.csproj", "{9561311E-A02A-4D5F-BD22-64258941BF2E}"
	ProjectSection(ProjectDependencies) = postProject
		{C5A03112-6EE1-415F-B53D-5D732D9F47AD} = {C5A03112-6EE1-415F-B53D-5D732D9F47AD}
		{ED0FB7A2-E4A8-4490-A020-73140BFBCE0B} = {ED0FB7A2-E4A8-4490-A020-73140BFBCE0B}
		{614720BA-C0E3-4199-9A5E-D2468FFCBFE5} = {614720BA-C0E3-4199-9A5E-D2468FFCBFE5}
	EndProjectSection
EndProject
Project("{9A19103F-16F7-4668-BE54-9A1E7A4F7556}") = "pyRevitLabs.Language", "pyRevitLabs.Language\pyRevitLabs.Language.csproj", "{269FE01F-093A-4774-8017-FEFC2342ABF5}"
EndProject
Project("{9A19103F-16F7-4668-BE54-9A1E7A4F7556}") = "pyRevitLabs.DeffrelDB", "pyRevitLabs.DeffrelDB\pyRevitLabs.DeffrelDB.csproj", "{4672A022-5855-4C70-B81E-9E1109BD7B6D}"
EndProject
Project("{9A19103F-16F7-4668-BE54-9A1E7A4F7556}") = "pyRevitLabs.PyRevit", "pyRevitLabs.PyRevit\pyRevitLabs.PyRevit.csproj", "{595C5FC1-EA26-47A6-B78F-3A04D222963D}"
EndProject
Project("{9A19103F-16F7-4668-BE54-9A1E7A4F7556}") = "pyRevitLabs.Emojis", "pyRevitLabs.Emojis\pyRevitLabs.Emojis.csproj", "{495994B5-044C-4B59-BD1D-D05683B443E5}"
EndProject
Project("{9A19103F-16F7-4668-BE54-9A1E7A4F7556}") = "pyRevitDoctor", "pyRevitDoctor\pyRevitDoctor.csproj", "{D4BAD33B-FAEE-4D57-A3F6-E2BBDCDE8AE6}"
EndProject
Project("{9A19103F-16F7-4668-BE54-9A1E7A4F7556}") = "pyRevitLabs.UnitTests", "pyRevitLabs.UnitTests\pyRevitLabs.UnitTests.csproj", "{E33FE30C-7DA3-4A8C-B7B9-C7B1A8F73E6A}"
EndProject
Project("{9A19103F-16F7-4668-BE54-9A1E7A4F7556}") = "pyRevitLabs.PyRevit.Runtime.Shared", "pyRevitLabs.PyRevit.Runtime.Shared\pyRevitLabs.PyRevit.Runtime.Shared.csproj", "{B239FF1F-F32A-4828-87B8-E5DAC6809567}"
EndProject
Global
	GlobalSection(SolutionConfigurationPlatforms) = preSolution
		Debug|x64 = Debug|x64
		Release|x64 = Release|x64
	EndGlobalSection
	GlobalSection(ProjectConfigurationPlatforms) = postSolution
		{C5A03112-6EE1-415F-B53D-5D732D9F47AD}.Debug|x64.ActiveCfg = Debug|x64
		{C5A03112-6EE1-415F-B53D-5D732D9F47AD}.Debug|x64.Build.0 = Debug|x64
		{C5A03112-6EE1-415F-B53D-5D732D9F47AD}.Release|x64.ActiveCfg = Release|x64
		{C5A03112-6EE1-415F-B53D-5D732D9F47AD}.Release|x64.Build.0 = Release|x64
		{15E9A99D-11E3-4D46-B333-79A10427F682}.Debug|x64.ActiveCfg = Debug|x64
		{15E9A99D-11E3-4D46-B333-79A10427F682}.Debug|x64.Build.0 = Debug|x64
		{15E9A99D-11E3-4D46-B333-79A10427F682}.Release|x64.ActiveCfg = Release|x64
		{15E9A99D-11E3-4D46-B333-79A10427F682}.Release|x64.Build.0 = Release|x64
		{614720BA-C0E3-4199-9A5E-D2468FFCBFE5}.Debug|x64.ActiveCfg = Debug|x64
		{614720BA-C0E3-4199-9A5E-D2468FFCBFE5}.Debug|x64.Build.0 = Debug|x64
		{614720BA-C0E3-4199-9A5E-D2468FFCBFE5}.Release|x64.ActiveCfg = Release|x64
		{614720BA-C0E3-4199-9A5E-D2468FFCBFE5}.Release|x64.Build.0 = Release|x64
		{ED0FB7A2-E4A8-4490-A020-73140BFBCE0B}.Debug|x64.ActiveCfg = Debug|x64
		{ED0FB7A2-E4A8-4490-A020-73140BFBCE0B}.Debug|x64.Build.0 = Debug|x64
		{ED0FB7A2-E4A8-4490-A020-73140BFBCE0B}.Release|x64.ActiveCfg = Release|x64
		{ED0FB7A2-E4A8-4490-A020-73140BFBCE0B}.Release|x64.Build.0 = Release|x64
		{57323698-75AF-4345-827D-2E625A56CBF2}.Debug|x64.ActiveCfg = Debug|x64
		{57323698-75AF-4345-827D-2E625A56CBF2}.Debug|x64.Build.0 = Debug|x64
		{57323698-75AF-4345-827D-2E625A56CBF2}.Release|x64.ActiveCfg = Release|x64
		{57323698-75AF-4345-827D-2E625A56CBF2}.Release|x64.Build.0 = Release|x64
		{0C382E44-C594-4F08-9469-20C0D25BA581}.Debug|x64.ActiveCfg = Debug|x64
		{0C382E44-C594-4F08-9469-20C0D25BA581}.Debug|x64.Build.0 = Debug|x64
		{0C382E44-C594-4F08-9469-20C0D25BA581}.Release|x64.ActiveCfg = Release|x64
		{0C382E44-C594-4F08-9469-20C0D25BA581}.Release|x64.Build.0 = Release|x64
		{9561311E-A02A-4D5F-BD22-64258941BF2E}.Debug|x64.ActiveCfg = Debug|x64
		{9561311E-A02A-4D5F-BD22-64258941BF2E}.Debug|x64.Build.0 = Debug|x64
		{9561311E-A02A-4D5F-BD22-64258941BF2E}.Release|x64.ActiveCfg = Release|x64
		{9561311E-A02A-4D5F-BD22-64258941BF2E}.Release|x64.Build.0 = Release|x64
		{269FE01F-093A-4774-8017-FEFC2342ABF5}.Debug|x64.ActiveCfg = Debug|x64
		{269FE01F-093A-4774-8017-FEFC2342ABF5}.Debug|x64.Build.0 = Debug|x64
		{269FE01F-093A-4774-8017-FEFC2342ABF5}.Release|x64.ActiveCfg = Release|x64
		{269FE01F-093A-4774-8017-FEFC2342ABF5}.Release|x64.Build.0 = Release|x64
		{4672A022-5855-4C70-B81E-9E1109BD7B6D}.Debug|x64.ActiveCfg = Debug|x64
		{4672A022-5855-4C70-B81E-9E1109BD7B6D}.Debug|x64.Build.0 = Debug|x64
		{4672A022-5855-4C70-B81E-9E1109BD7B6D}.Release|x64.ActiveCfg = Release|x64
		{4672A022-5855-4C70-B81E-9E1109BD7B6D}.Release|x64.Build.0 = Release|x64
		{595C5FC1-EA26-47A6-B78F-3A04D222963D}.Debug|x64.ActiveCfg = Debug|x64
		{595C5FC1-EA26-47A6-B78F-3A04D222963D}.Debug|x64.Build.0 = Debug|x64
		{595C5FC1-EA26-47A6-B78F-3A04D222963D}.Release|x64.ActiveCfg = Release|x64
		{595C5FC1-EA26-47A6-B78F-3A04D222963D}.Release|x64.Build.0 = Release|x64
		{495994B5-044C-4B59-BD1D-D05683B443E5}.Debug|x64.ActiveCfg = Debug|x64
		{495994B5-044C-4B59-BD1D-D05683B443E5}.Debug|x64.Build.0 = Debug|x64
		{495994B5-044C-4B59-BD1D-D05683B443E5}.Release|x64.ActiveCfg = Release|x64
		{495994B5-044C-4B59-BD1D-D05683B443E5}.Release|x64.Build.0 = Release|x64
		{D4BAD33B-FAEE-4D57-A3F6-E2BBDCDE8AE6}.Debug|x64.ActiveCfg = Debug|x64
		{D4BAD33B-FAEE-4D57-A3F6-E2BBDCDE8AE6}.Debug|x64.Build.0 = Debug|x64
		{D4BAD33B-FAEE-4D57-A3F6-E2BBDCDE8AE6}.Release|x64.ActiveCfg = Release|x64
		{D4BAD33B-FAEE-4D57-A3F6-E2BBDCDE8AE6}.Release|x64.Build.0 = Release|x64
		{E33FE30C-7DA3-4A8C-B7B9-C7B1A8F73E6A}.Debug|x64.ActiveCfg = Debug|x64
		{E33FE30C-7DA3-4A8C-B7B9-C7B1A8F73E6A}.Debug|x64.Build.0 = Debug|x64
		{E33FE30C-7DA3-4A8C-B7B9-C7B1A8F73E6A}.Release|x64.ActiveCfg = Release|x64
		{E33FE30C-7DA3-4A8C-B7B9-C7B1A8F73E6A}.Release|x64.Build.0 = Release|x64
		{B239FF1F-F32A-4828-87B8-E5DAC6809567}.Debug|x64.ActiveCfg = Debug|x64
		{B239FF1F-F32A-4828-87B8-E5DAC6809567}.Debug|x64.Build.0 = Debug|x64
		{B239FF1F-F32A-4828-87B8-E5DAC6809567}.Release|x64.ActiveCfg = Release|x64
		{B239FF1F-F32A-4828-87B8-E5DAC6809567}.Release|x64.Build.0 = Release|x64
	EndGlobalSection
	GlobalSection(SolutionProperties) = preSolution
		HideSolutionNode = FALSE
	EndGlobalSection
	GlobalSection(ExtensibilityGlobals) = postSolution
		SolutionGuid = {29169547-9C0C-4620-A37C-77CB6B30F4F0}
	EndGlobalSection
EndGlobal
