
Microsoft Visual Studio Solution File, Format Version 12.00
# Visual Studio 15
VisualStudioVersion = 15.0.28010.2036
MinimumVisualStudioVersion = 10.0.40219.1
Project("{FAE04EC0-301F-11D3-BF4B-00C04F79EFBC}") = "pyRevitLoader278", "pyRevitLoader278\pyRevitLoader278.csproj", "{8D8DCC3A-5A07-4B96-9144-E6E23CA71CBE}"
EndProject
Project("{FAE04EC0-301F-11D3-BF4B-00C04F79EFBC}") = "pyRevitLoader277", "pyRevitLoader277\pyRevitLoader277.csproj", "{86FCE155-A626-4C0F-8B1B-7C912E5526D4}"
EndProject
Project("{FAE04EC0-301F-11D3-BF4B-00C04F79EFBC}") = "pyRevitLoader273", "pyRevitLoader273\pyRevitLoader273.csproj", "{AB6ED1C5-B02A-4EA8-9374-B6FAF3588C2E}"
EndProject
Project("{FAE04EC0-301F-11D3-BF4B-00C04F79EFBC}") = "pyRevitLoader279", "pyRevitLoader279\pyRevitLoader279.csproj", "{D607CF8F-7DFC-49DC-9CCF-3174EF0AEDF5}"
EndProject
Global
	GlobalSection(SolutionConfigurationPlatforms) = preSolution
		Debug|Any CPU = Debug|Any CPU
		Release|Any CPU = Release|Any CPU
	EndGlobalSection
	GlobalSection(ProjectConfigurationPlatforms) = postSolution
		{8D8DCC3A-5A07-4B96-9144-E6E23CA71CBE}.Debug|Any CPU.ActiveCfg = Debug|Any CPU
		{8D8DCC3A-5A07-4B96-9144-E6E23CA71CBE}.Debug|Any CPU.Build.0 = Debug|Any CPU
		{8D8DCC3A-5A07-4B96-9144-E6E23CA71CBE}.Release|Any CPU.ActiveCfg = Release|Any CPU
		{8D8DCC3A-5A07-4B96-9144-E6E23CA71CBE}.Release|Any CPU.Build.0 = Release|Any CPU
		{86FCE155-A626-4C0F-8B1B-7C912E5526D4}.Debug|Any CPU.ActiveCfg = Debug|Any CPU
		{86FCE155-A626-4C0F-8B1B-7C912E5526D4}.Debug|Any CPU.Build.0 = Debug|Any CPU
		{86FCE155-A626-4C0F-8B1B-7C912E5526D4}.Release|Any CPU.ActiveCfg = Release|Any CPU
		{86FCE155-A626-4C0F-8B1B-7C912E5526D4}.Release|Any CPU.Build.0 = Release|Any CPU
		{AB6ED1C5-B02A-4EA8-9374-B6FAF3588C2E}.Debug|Any CPU.ActiveCfg = Debug|Any CPU
		{AB6ED1C5-B02A-4EA8-9374-B6FAF3588C2E}.Debug|Any CPU.Build.0 = Debug|Any CPU
		{AB6ED1C5-B02A-4EA8-9374-B6FAF3588C2E}.Release|Any CPU.ActiveCfg = Release|Any CPU
		{AB6ED1C5-B02A-4EA8-9374-B6FAF3588C2E}.Release|Any CPU.Build.0 = Release|Any CPU
		{D607CF8F-7DFC-49DC-9CCF-3174EF0AEDF5}.Debug|Any CPU.ActiveCfg = Debug|Any CPU
		{D607CF8F-7DFC-49DC-9CCF-3174EF0AEDF5}.Debug|Any CPU.Build.0 = Debug|Any CPU
		{D607CF8F-7DFC-49DC-9CCF-3174EF0AEDF5}.Release|Any CPU.ActiveCfg = Release|Any CPU
		{D607CF8F-7DFC-49DC-9CCF-3174EF0AEDF5}.Release|Any CPU.Build.0 = Release|Any CPU
	EndGlobalSection
	GlobalSection(SolutionProperties) = preSolution
		HideSolutionNode = FALSE
	EndGlobalSection
	GlobalSection(ExtensibilityGlobals) = postSolution
		SolutionGuid = {8CC1064C-1D16-446B-B480-989CE124102A}
	EndGlobalSection
	GlobalSection(SubversionScc) = preSolution
		Svn-Managed = True
		Manager = AnkhSVN - Subversion Support for Visual Studio
	EndGlobalSection
EndGlobal
