
Microsoft Visual Studio Solution File, Format Version 12.00
# Visual Studio Version 16
VisualStudioVersion = 16.0.30330.147
MinimumVisualStudioVersion = 10.0.40219.1
Project("{FAE04EC0-301F-11D3-BF4B-00C04F79EFBC}") = "pyRevitLoader278", "pyRevitLoader278\pyRevitLoader278.csproj", "{8D8DCC3A-5A07-4B96-9144-E6E23CA71CBE}"
EndProject
Project("{FAE04EC0-301F-11D3-BF4B-00C04F79EFBC}") = "pyRevitLoader277", "pyRevitLoader277\pyRevitLoader277.csproj", "{86FCE155-A626-4C0F-8B1B-7C912E5526D4}"
EndProject
Project("{FAE04EC0-301F-11D3-BF4B-00C04F79EFBC}") = "pyRevitLoader273", "pyRevitLoader273\pyRevitLoader273.csproj", "{AB6ED1C5-B02A-4EA8-9374-B6FAF3588C2E}"
EndProject
Project("{FAE04EC0-301F-11D3-BF4B-00C04F79EFBC}") = "pyRevitLoader279", "pyRevitLoader279\pyRevitLoader279.csproj", "{D607CF8F-7DFC-49DC-9CCF-3174EF0AEDF5}"
EndProject
Project("{FAE04EC0-301F-11D3-BF4B-00C04F79EFBC}") = "pyRevitRunner277", "pyRevitRunner277\pyRevitRunner277.csproj", "{DF80A4BB-CB40-4F2E-BF40-5CBC8ABAECBE}"
EndProject
Project("{2150E333-8FDC-42A3-9474-1A3956D46DE8}") = "Loaders", "Loaders", "{5D24CE7B-67FD-4685-AC89-578FF15552A2}"
EndProject
Project("{2150E333-8FDC-42A3-9474-1A3956D46DE8}") = "Runners", "Runners", "{74C50D6F-68E5-411B-A781-800BC60C9ECF}"
EndProject
Project("{FAE04EC0-301F-11D3-BF4B-00C04F79EFBC}") = "pyRevitRunner273", "pyRevitRunner273\pyRevitRunner273.csproj", "{27A6711F-EC60-4FB9-8FF0-B33F2B7AF983}"
EndProject
Project("{FAE04EC0-301F-11D3-BF4B-00C04F79EFBC}") = "pyRevitRunner278", "pyRevitRunner278\pyRevitRunner278.csproj", "{B3857355-C71A-402E-867A-D97BDD27950D}"
EndProject
Project("{FAE04EC0-301F-11D3-BF4B-00C04F79EFBC}") = "pyRevitRunner279", "pyRevitRunner279\pyRevitRunner279.csproj", "{566D96D9-0C02-4F6D-A5EB-862DCB01D14B}"
EndProject
Project("{FAE04EC0-301F-11D3-BF4B-00C04F79EFBC}") = "pyRevitLoader2710", "pyRevitLoader2710\pyRevitLoader2710.csproj", "{C887E6E2-BF9E-457A-ABD7-F008F716A981}"
EndProject
Project("{FAE04EC0-301F-11D3-BF4B-00C04F79EFBC}") = "pyRevitRunner2710", "pyRevitRunner2710\pyRevitRunner2710.csproj", "{199F6A50-FB7A-4D6E-B02E-7A06B233E107}"
EndProject
Project("{FAE04EC0-301F-11D3-BF4B-00C04F79EFBC}") = "pyRevitDefaultLoader", "pyRevitDefaultLoader\pyRevitDefaultLoader.csproj", "{996EC172-8009-4545-B344-E86B8EBED8E5}"
EndProject
Project("{FAE04EC0-301F-11D3-BF4B-00C04F79EFBC}") = "pyRevitDefaultRunner", "pyRevitDefaultRunner\pyRevitDefaultRunner.csproj", "{199D5029-B901-437A-93E0-18768815E82D}"
EndProject
Global
	GlobalSection(SolutionConfigurationPlatforms) = preSolution
		Debug|Any CPU = Debug|Any CPU
		Release|Any CPU = Release|Any CPU
	EndGlobalSection
	GlobalSection(ProjectConfigurationPlatforms) = postSolution
		{8D8DCC3A-5A07-4B96-9144-E6E23CA71CBE}.Debug|Any CPU.ActiveCfg = Debug|Any CPU
		{8D8DCC3A-5A07-4B96-9144-E6E23CA71CBE}.Debug|Any CPU.Build.0 = Debug|Any CPU
		{8D8DCC3A-5A07-4B96-9144-E6E23CA71CBE}.Release|Any CPU.ActiveCfg = Release|Any CPU
		{8D8DCC3A-5A07-4B96-9144-E6E23CA71CBE}.Release|Any CPU.Build.0 = Release|Any CPU
		{86FCE155-A626-4C0F-8B1B-7C912E5526D4}.Debug|Any CPU.ActiveCfg = Debug|Any CPU
		{86FCE155-A626-4C0F-8B1B-7C912E5526D4}.Debug|Any CPU.Build.0 = Debug|Any CPU
		{86FCE155-A626-4C0F-8B1B-7C912E5526D4}.Release|Any CPU.ActiveCfg = Release|Any CPU
		{86FCE155-A626-4C0F-8B1B-7C912E5526D4}.Release|Any CPU.Build.0 = Release|Any CPU
		{AB6ED1C5-B02A-4EA8-9374-B6FAF3588C2E}.Debug|Any CPU.ActiveCfg = Debug|Any CPU
		{AB6ED1C5-B02A-4EA8-9374-B6FAF3588C2E}.Debug|Any CPU.Build.0 = Debug|Any CPU
		{AB6ED1C5-B02A-4EA8-9374-B6FAF3588C2E}.Release|Any CPU.ActiveCfg = Release|Any CPU
		{AB6ED1C5-B02A-4EA8-9374-B6FAF3588C2E}.Release|Any CPU.Build.0 = Release|Any CPU
		{D607CF8F-7DFC-49DC-9CCF-3174EF0AEDF5}.Debug|Any CPU.ActiveCfg = Debug|Any CPU
		{D607CF8F-7DFC-49DC-9CCF-3174EF0AEDF5}.Debug|Any CPU.Build.0 = Debug|Any CPU
		{D607CF8F-7DFC-49DC-9CCF-3174EF0AEDF5}.Release|Any CPU.ActiveCfg = Release|Any CPU
		{D607CF8F-7DFC-49DC-9CCF-3174EF0AEDF5}.Release|Any CPU.Build.0 = Release|Any CPU
		{DF80A4BB-CB40-4F2E-BF40-5CBC8ABAECBE}.Debug|Any CPU.ActiveCfg = Debug|Any CPU
		{DF80A4BB-CB40-4F2E-BF40-5CBC8ABAECBE}.Debug|Any CPU.Build.0 = Debug|Any CPU
		{DF80A4BB-CB40-4F2E-BF40-5CBC8ABAECBE}.Release|Any CPU.ActiveCfg = Release|Any CPU
		{DF80A4BB-CB40-4F2E-BF40-5CBC8ABAECBE}.Release|Any CPU.Build.0 = Release|Any CPU
		{27A6711F-EC60-4FB9-8FF0-B33F2B7AF983}.Debug|Any CPU.ActiveCfg = Debug|Any CPU
		{27A6711F-EC60-4FB9-8FF0-B33F2B7AF983}.Debug|Any CPU.Build.0 = Debug|Any CPU
		{27A6711F-EC60-4FB9-8FF0-B33F2B7AF983}.Release|Any CPU.ActiveCfg = Release|Any CPU
		{27A6711F-EC60-4FB9-8FF0-B33F2B7AF983}.Release|Any CPU.Build.0 = Release|Any CPU
		{B3857355-C71A-402E-867A-D97BDD27950D}.Debug|Any CPU.ActiveCfg = Debug|Any CPU
		{B3857355-C71A-402E-867A-D97BDD27950D}.Debug|Any CPU.Build.0 = Debug|Any CPU
		{B3857355-C71A-402E-867A-D97BDD27950D}.Release|Any CPU.ActiveCfg = Release|Any CPU
		{B3857355-C71A-402E-867A-D97BDD27950D}.Release|Any CPU.Build.0 = Release|Any CPU
		{566D96D9-0C02-4F6D-A5EB-862DCB01D14B}.Debug|Any CPU.ActiveCfg = Debug|Any CPU
		{566D96D9-0C02-4F6D-A5EB-862DCB01D14B}.Debug|Any CPU.Build.0 = Debug|Any CPU
		{566D96D9-0C02-4F6D-A5EB-862DCB01D14B}.Release|Any CPU.ActiveCfg = Release|Any CPU
		{566D96D9-0C02-4F6D-A5EB-862DCB01D14B}.Release|Any CPU.Build.0 = Release|Any CPU
		{C887E6E2-BF9E-457A-ABD7-F008F716A981}.Debug|Any CPU.ActiveCfg = Debug|Any CPU
		{C887E6E2-BF9E-457A-ABD7-F008F716A981}.Debug|Any CPU.Build.0 = Debug|Any CPU
		{C887E6E2-BF9E-457A-ABD7-F008F716A981}.Release|Any CPU.ActiveCfg = Release|Any CPU
		{C887E6E2-BF9E-457A-ABD7-F008F716A981}.Release|Any CPU.Build.0 = Release|Any CPU
		{199F6A50-FB7A-4D6E-B02E-7A06B233E107}.Debug|Any CPU.ActiveCfg = Debug|Any CPU
		{199F6A50-FB7A-4D6E-B02E-7A06B233E107}.Debug|Any CPU.Build.0 = Debug|Any CPU
		{199F6A50-FB7A-4D6E-B02E-7A06B233E107}.Release|Any CPU.ActiveCfg = Release|Any CPU
		{199F6A50-FB7A-4D6E-B02E-7A06B233E107}.Release|Any CPU.Build.0 = Release|Any CPU
		{996EC172-8009-4545-B344-E86B8EBED8E5}.Debug|Any CPU.ActiveCfg = Debug|Any CPU
		{996EC172-8009-4545-B344-E86B8EBED8E5}.Debug|Any CPU.Build.0 = Debug|Any CPU
		{996EC172-8009-4545-B344-E86B8EBED8E5}.Release|Any CPU.ActiveCfg = Release|Any CPU
		{996EC172-8009-4545-B344-E86B8EBED8E5}.Release|Any CPU.Build.0 = Release|Any CPU
		{199D5029-B901-437A-93E0-18768815E82D}.Debug|Any CPU.ActiveCfg = Debug|Any CPU
		{199D5029-B901-437A-93E0-18768815E82D}.Debug|Any CPU.Build.0 = Debug|Any CPU
		{199D5029-B901-437A-93E0-18768815E82D}.Release|Any CPU.ActiveCfg = Release|Any CPU
		{199D5029-B901-437A-93E0-18768815E82D}.Release|Any CPU.Build.0 = Release|Any CPU
	EndGlobalSection
	GlobalSection(SolutionProperties) = preSolution
		HideSolutionNode = FALSE
	EndGlobalSection
	GlobalSection(NestedProjects) = preSolution
		{8D8DCC3A-5A07-4B96-9144-E6E23CA71CBE} = {5D24CE7B-67FD-4685-AC89-578FF15552A2}
		{86FCE155-A626-4C0F-8B1B-7C912E5526D4} = {5D24CE7B-67FD-4685-AC89-578FF15552A2}
		{AB6ED1C5-B02A-4EA8-9374-B6FAF3588C2E} = {5D24CE7B-67FD-4685-AC89-578FF15552A2}
		{D607CF8F-7DFC-49DC-9CCF-3174EF0AEDF5} = {5D24CE7B-67FD-4685-AC89-578FF15552A2}
		{DF80A4BB-CB40-4F2E-BF40-5CBC8ABAECBE} = {74C50D6F-68E5-411B-A781-800BC60C9ECF}
		{27A6711F-EC60-4FB9-8FF0-B33F2B7AF983} = {74C50D6F-68E5-411B-A781-800BC60C9ECF}
		{B3857355-C71A-402E-867A-D97BDD27950D} = {74C50D6F-68E5-411B-A781-800BC60C9ECF}
		{566D96D9-0C02-4F6D-A5EB-862DCB01D14B} = {74C50D6F-68E5-411B-A781-800BC60C9ECF}
		{C887E6E2-BF9E-457A-ABD7-F008F716A981} = {5D24CE7B-67FD-4685-AC89-578FF15552A2}
		{199F6A50-FB7A-4D6E-B02E-7A06B233E107} = {74C50D6F-68E5-411B-A781-800BC60C9ECF}
		{996EC172-8009-4545-B344-E86B8EBED8E5} = {5D24CE7B-67FD-4685-AC89-578FF15552A2}
		{199D5029-B901-437A-93E0-18768815E82D} = {74C50D6F-68E5-411B-A781-800BC60C9ECF}
	EndGlobalSection
	GlobalSection(ExtensibilityGlobals) = postSolution
		SolutionGuid = {8CC1064C-1D16-446B-B480-989CE124102A}
	EndGlobalSection
	GlobalSection(SubversionScc) = preSolution
		Svn-Managed = True
		Manager = AnkhSVN - Subversion Support for Visual Studio
	EndGlobalSection
EndGlobal
