
Microsoft Visual Studio Solution File, Format Version 12.00
# Visual Studio Version 16
VisualStudioVersion = 16.0.30330.147
MinimumVisualStudioVersion = 10.0.40219.1
Project("{2150E333-8FDC-42A3-9474-1A3956D46DE8}") = "Loaders", "Loaders", "{5D24CE7B-67FD-4685-AC89-578FF15552A2}"
EndProject
Project("{2150E333-8FDC-42A3-9474-1A3956D46DE8}") = "Runners", "Runners", "{74C50D6F-68E5-411B-A781-800BC60C9ECF}"
EndProject
Project("{9A19103F-16F7-4668-BE54-9A1E7A4F7556}") = "pyRevitDefaultLoader", "pyRevitDefaultLoader.csproj", "{B4999A6B-E890-4514-9FEF-4FC5C0332C89}"
EndProject
Project("{9A19103F-16F7-4668-BE54-9A1E7A4F7556}") = "pyRevitLoader.273", "pyRevitLoader.273.csproj", "{EE662C9C-EAF9-465C-B17A-F9F1F744F5F1}"
EndProject
Project("{9A19103F-16F7-4668-BE54-9A1E7A4F7556}") = "pyRevitLoader.277", "pyRevitLoader.277.csproj", "{39C47292-FEE1-4D6D-96A7-B6066854C98B}"
EndProject
Project("{9A19103F-16F7-4668-BE54-9A1E7A4F7556}") = "pyRevitLoader.278", "pyRevitLoader.278.csproj", "{C4D5CD8F-4504-4C34-9870-CD06712EF888}"
EndProject
Project("{9A19103F-16F7-4668-BE54-9A1E7A4F7556}") = "pyRevitLoader.279", "pyRevitLoader.279.csproj", "{4FE03FBD-3EF1-4570-8E9D-8C3E508AACD5}"
EndProject
Project("{9A19103F-16F7-4668-BE54-9A1E7A4F7556}") = "pyRevitLoader.2710", "pyRevitLoader.2710.csproj", "{581ADF22-C823-4A43-99C1-23BB75C905A5}"
EndProject
Project("{9A19103F-16F7-4668-BE54-9A1E7A4F7556}") = "pyRevitDefaultRunner", "pyRevitDefaultRunner.csproj", "{9DB5A32B-7C8A-463B-8DB5-DFD992ADED8A}"
EndProject
Project("{9A19103F-16F7-4668-BE54-9A1E7A4F7556}") = "pyRevitRunner.273", "pyRevitRunner.273.csproj", "{1172860C-81A9-436E-9187-DE7E64529C23}"
EndProject
Project("{9A19103F-16F7-4668-BE54-9A1E7A4F7556}") = "pyRevitRunner.277", "pyRevitRunner.277.csproj", "{D1EFC1A1-388E-4B95-8DF0-FF84A2598902}"
EndProject
Project("{9A19103F-16F7-4668-BE54-9A1E7A4F7556}") = "pyRevitRunner.278", "pyRevitRunner.278.csproj", "{EFEA8406-20F6-4AFC-9610-95F9A9EC564E}"
EndProject
Project("{9A19103F-16F7-4668-BE54-9A1E7A4F7556}") = "pyRevitRunner.279", "pyRevitRunner.279.csproj", "{14F32C47-EC16-4E35-95A7-2DDF2C8889D2}"
EndProject
Project("{9A19103F-16F7-4668-BE54-9A1E7A4F7556}") = "pyRevitRunner.2710", "pyRevitRunner.2710.csproj", "{DE55F0AB-BDEA-4E61-BC38-E8576912B8BD}"
EndProject
Global
	GlobalSection(SolutionConfigurationPlatforms) = preSolution
		Debug|Any CPU = Debug|Any CPU
		Release|Any CPU = Release|Any CPU
	EndGlobalSection
	GlobalSection(ProjectConfigurationPlatforms) = postSolution
		{B4999A6B-E890-4514-9FEF-4FC5C0332C89}.Debug|Any CPU.ActiveCfg = Debug|Any CPU
		{B4999A6B-E890-4514-9FEF-4FC5C0332C89}.Debug|Any CPU.Build.0 = Debug|Any CPU
		{B4999A6B-E890-4514-9FEF-4FC5C0332C89}.Release|Any CPU.ActiveCfg = Release|Any CPU
		{B4999A6B-E890-4514-9FEF-4FC5C0332C89}.Release|Any CPU.Build.0 = Release|Any CPU
		{EE662C9C-EAF9-465C-B17A-F9F1F744F5F1}.Debug|Any CPU.ActiveCfg = Debug|Any CPU
		{EE662C9C-EAF9-465C-B17A-F9F1F744F5F1}.Debug|Any CPU.Build.0 = Debug|Any CPU
		{EE662C9C-EAF9-465C-B17A-F9F1F744F5F1}.Release|Any CPU.ActiveCfg = Release|Any CPU
		{EE662C9C-EAF9-465C-B17A-F9F1F744F5F1}.Release|Any CPU.Build.0 = Release|Any CPU
		{39C47292-FEE1-4D6D-96A7-B6066854C98B}.Debug|Any CPU.ActiveCfg = Debug|Any CPU
		{39C47292-FEE1-4D6D-96A7-B6066854C98B}.Debug|Any CPU.Build.0 = Debug|Any CPU
		{39C47292-FEE1-4D6D-96A7-B6066854C98B}.Release|Any CPU.ActiveCfg = Release|Any CPU
		{39C47292-FEE1-4D6D-96A7-B6066854C98B}.Release|Any CPU.Build.0 = Release|Any CPU
		{C4D5CD8F-4504-4C34-9870-CD06712EF888}.Debug|Any CPU.ActiveCfg = Debug|Any CPU
		{C4D5CD8F-4504-4C34-9870-CD06712EF888}.Debug|Any CPU.Build.0 = Debug|Any CPU
		{C4D5CD8F-4504-4C34-9870-CD06712EF888}.Release|Any CPU.ActiveCfg = Release|Any CPU
		{C4D5CD8F-4504-4C34-9870-CD06712EF888}.Release|Any CPU.Build.0 = Release|Any CPU
		{4FE03FBD-3EF1-4570-8E9D-8C3E508AACD5}.Debug|Any CPU.ActiveCfg = Debug|Any CPU
		{4FE03FBD-3EF1-4570-8E9D-8C3E508AACD5}.Debug|Any CPU.Build.0 = Debug|Any CPU
		{4FE03FBD-3EF1-4570-8E9D-8C3E508AACD5}.Release|Any CPU.ActiveCfg = Release|Any CPU
		{4FE03FBD-3EF1-4570-8E9D-8C3E508AACD5}.Release|Any CPU.Build.0 = Release|Any CPU
		{581ADF22-C823-4A43-99C1-23BB75C905A5}.Debug|Any CPU.ActiveCfg = Debug|Any CPU
		{581ADF22-C823-4A43-99C1-23BB75C905A5}.Debug|Any CPU.Build.0 = Debug|Any CPU
		{581ADF22-C823-4A43-99C1-23BB75C905A5}.Release|Any CPU.ActiveCfg = Release|Any CPU
		{581ADF22-C823-4A43-99C1-23BB75C905A5}.Release|Any CPU.Build.0 = Release|Any CPU
		{9DB5A32B-7C8A-463B-8DB5-DFD992ADED8A}.Debug|Any CPU.ActiveCfg = Debug|Any CPU
		{9DB5A32B-7C8A-463B-8DB5-DFD992ADED8A}.Debug|Any CPU.Build.0 = Debug|Any CPU
		{9DB5A32B-7C8A-463B-8DB5-DFD992ADED8A}.Release|Any CPU.ActiveCfg = Release|Any CPU
		{9DB5A32B-7C8A-463B-8DB5-DFD992ADED8A}.Release|Any CPU.Build.0 = Release|Any CPU
		{1172860C-81A9-436E-9187-DE7E64529C23}.Debug|Any CPU.ActiveCfg = Debug|Any CPU
		{1172860C-81A9-436E-9187-DE7E64529C23}.Debug|Any CPU.Build.0 = Debug|Any CPU
		{1172860C-81A9-436E-9187-DE7E64529C23}.Release|Any CPU.ActiveCfg = Release|Any CPU
		{1172860C-81A9-436E-9187-DE7E64529C23}.Release|Any CPU.Build.0 = Release|Any CPU
		{D1EFC1A1-388E-4B95-8DF0-FF84A2598902}.Debug|Any CPU.ActiveCfg = Debug|Any CPU
		{D1EFC1A1-388E-4B95-8DF0-FF84A2598902}.Debug|Any CPU.Build.0 = Debug|Any CPU
		{D1EFC1A1-388E-4B95-8DF0-FF84A2598902}.Release|Any CPU.ActiveCfg = Release|Any CPU
		{D1EFC1A1-388E-4B95-8DF0-FF84A2598902}.Release|Any CPU.Build.0 = Release|Any CPU
		{EFEA8406-20F6-4AFC-9610-95F9A9EC564E}.Debug|Any CPU.ActiveCfg = Debug|Any CPU
		{EFEA8406-20F6-4AFC-9610-95F9A9EC564E}.Debug|Any CPU.Build.0 = Debug|Any CPU
		{EFEA8406-20F6-4AFC-9610-95F9A9EC564E}.Release|Any CPU.ActiveCfg = Release|Any CPU
		{EFEA8406-20F6-4AFC-9610-95F9A9EC564E}.Release|Any CPU.Build.0 = Release|Any CPU
		{14F32C47-EC16-4E35-95A7-2DDF2C8889D2}.Debug|Any CPU.ActiveCfg = Debug|Any CPU
		{14F32C47-EC16-4E35-95A7-2DDF2C8889D2}.Debug|Any CPU.Build.0 = Debug|Any CPU
		{14F32C47-EC16-4E35-95A7-2DDF2C8889D2}.Release|Any CPU.ActiveCfg = Release|Any CPU
		{14F32C47-EC16-4E35-95A7-2DDF2C8889D2}.Release|Any CPU.Build.0 = Release|Any CPU
		{DE55F0AB-BDEA-4E61-BC38-E8576912B8BD}.Debug|Any CPU.ActiveCfg = Debug|Any CPU
		{DE55F0AB-BDEA-4E61-BC38-E8576912B8BD}.Debug|Any CPU.Build.0 = Debug|Any CPU
		{DE55F0AB-BDEA-4E61-BC38-E8576912B8BD}.Release|Any CPU.ActiveCfg = Release|Any CPU
		{DE55F0AB-BDEA-4E61-BC38-E8576912B8BD}.Release|Any CPU.Build.0 = Release|Any CPU
	EndGlobalSection
	GlobalSection(SolutionProperties) = preSolution
		HideSolutionNode = FALSE
	EndGlobalSection
	GlobalSection(NestedProjects) = preSolution
		{B4999A6B-E890-4514-9FEF-4FC5C0332C89} = {5D24CE7B-67FD-4685-AC89-578FF15552A2}
		{EE662C9C-EAF9-465C-B17A-F9F1F744F5F1} = {5D24CE7B-67FD-4685-AC89-578FF15552A2}
		{39C47292-FEE1-4D6D-96A7-B6066854C98B} = {5D24CE7B-67FD-4685-AC89-578FF15552A2}
		{C4D5CD8F-4504-4C34-9870-CD06712EF888} = {5D24CE7B-67FD-4685-AC89-578FF15552A2}
		{4FE03FBD-3EF1-4570-8E9D-8C3E508AACD5} = {5D24CE7B-67FD-4685-AC89-578FF15552A2}
		{581ADF22-C823-4A43-99C1-23BB75C905A5} = {5D24CE7B-67FD-4685-AC89-578FF15552A2}
		{9DB5A32B-7C8A-463B-8DB5-DFD992ADED8A} = {74C50D6F-68E5-411B-A781-800BC60C9ECF}
		{1172860C-81A9-436E-9187-DE7E64529C23} = {74C50D6F-68E5-411B-A781-800BC60C9ECF}
		{D1EFC1A1-388E-4B95-8DF0-FF84A2598902} = {74C50D6F-68E5-411B-A781-800BC60C9ECF}
		{EFEA8406-20F6-4AFC-9610-95F9A9EC564E} = {74C50D6F-68E5-411B-A781-800BC60C9ECF}
		{14F32C47-EC16-4E35-95A7-2DDF2C8889D2} = {74C50D6F-68E5-411B-A781-800BC60C9ECF}
		{DE55F0AB-BDEA-4E61-BC38-E8576912B8BD} = {74C50D6F-68E5-411B-A781-800BC60C9ECF}
	EndGlobalSection
	GlobalSection(ExtensibilityGlobals) = postSolution
		SolutionGuid = {8CC1064C-1D16-446B-B480-989CE124102A}
	EndGlobalSection
	GlobalSection(SubversionScc) = preSolution
		Svn-Managed = True
		Manager = AnkhSVN - Subversion Support for Visual Studio
	EndGlobalSection
EndGlobal
