
Microsoft Visual Studio Solution File, Format Version 12.00
# Visual Studio Version 16
VisualStudioVersion = 16.0.30804.86
MinimumVisualStudioVersion = 10.0.40219.1
Project("{FAE04EC0-301F-11D3-BF4B-00C04F79EFBC}") = "Python.Runtime", "pyRevitLabs.Python.Net\src\runtime\Python.Runtime.csproj", "{097B4AC0-74E9-4C58-BCF8-C69746EC8271}"
EndProject
Global
	GlobalSection(SolutionConfigurationPlatforms) = preSolution
		ReleasePY37|Any CPU = ReleasePY37|Any CPU
		ReleasePY38|Any CPU = ReleasePY38|Any CPU
	EndGlobalSection
	GlobalSection(ProjectConfigurationPlatforms) = postSolution
		{097B4AC0-74E9-4C58-BCF8-C69746EC8271}.ReleasePY37|Any CPU.ActiveCfg = ReleasePY37|Any CPU
		{097B4AC0-74E9-4C58-BCF8-C69746EC8271}.ReleasePY37|Any CPU.Build.0 = ReleasePY37|Any CPU
		{097B4AC0-74E9-4C58-BCF8-C69746EC8271}.ReleasePY38|Any CPU.ActiveCfg = ReleasePY38|Any CPU
		{097B4AC0-74E9-4C58-BCF8-C69746EC8271}.ReleasePY38|Any CPU.Build.0 = ReleasePY38|Any CPU
	EndGlobalSection
	GlobalSection(SolutionProperties) = preSolution
		HideSolutionNode = FALSE
	EndGlobalSection
	GlobalSection(ExtensibilityGlobals) = postSolution
		SolutionGuid = {40B7E651-20D3-4115-9987-245A90CFFC30}
	EndGlobalSection
EndGlobal
