
Microsoft Visual Studio Solution File, Format Version 12.00
# Visual Studio Version 16
VisualStudioVersion = 16.0.30804.86
MinimumVisualStudioVersion = 10.0.40219.1
Project("{9A19103F-16F7-4668-BE54-9A1E7A4F7556}") = "Python.Runtime", "pyRevitLabs.Python.Net\src\runtime\Python.Runtime.csproj", "{12A1F593-296C-4BAF-BC61-6065ED8D09C3}"
EndProject
Global
	GlobalSection(SolutionConfigurationPlatforms) = preSolution
		Debug|Any CPU = Debug|Any CPU
		ReleasePY37|Any CPU = ReleasePY37|Any CPU
		ReleasePY38|Any CPU = ReleasePY38|Any CPU
	EndGlobalSection
	GlobalSection(ProjectConfigurationPlatforms) = postSolution
		{12A1F593-296C-4BAF-BC61-6065ED8D09C3}.Debug|Any CPU.ActiveCfg = Debug|Any CPU
		{12A1F593-296C-4BAF-BC61-6065ED8D09C3}.Debug|Any CPU.Build.0 = Debug|Any CPU
		{12A1F593-296C-4BAF-BC61-6065ED8D09C3}.ReleasePY37|Any CPU.ActiveCfg = ReleasePY37|Any CPU
		{12A1F593-296C-4BAF-BC61-6065ED8D09C3}.ReleasePY37|Any CPU.Build.0 = ReleasePY37|Any CPU
		{12A1F593-296C-4BAF-BC61-6065ED8D09C3}.ReleasePY38|Any CPU.ActiveCfg = ReleasePY38|Any CPU
		{12A1F593-296C-4BAF-BC61-6065ED8D09C3}.ReleasePY38|Any CPU.Build.0 = ReleasePY38|Any CPU
	EndGlobalSection
	GlobalSection(SolutionProperties) = preSolution
		HideSolutionNode = FALSE
	EndGlobalSection
	GlobalSection(ExtensibilityGlobals) = postSolution
		SolutionGuid = {40B7E651-20D3-4115-9987-245A90CFFC30}
	EndGlobalSection
EndGlobal
