
Microsoft Visual Studio Solution File, Format Version 12.00
# Visual Studio Version 17
VisualStudioVersion = 17.1.32421.90
MinimumVisualStudioVersion = 10.0.40219.1
Project("{9A19103F-16F7-4668-BE54-9A1E7A4F7556}") = "pyRevitLabs.PyRevit.Runtime.2017", "pyRevitLabs.PyRevit.Runtime.2017.csproj", "{1B786F43-6125-42FF-8EA2-C4AEF640AEE4}"
EndProject
Project("{9A19103F-16F7-4668-BE54-9A1E7A4F7556}") = "pyRevitLabs.PyRevit.Runtime.2018", "pyRevitLabs.PyRevit.Runtime.2018.csproj", "{8CEA0B80-D74F-411F-A607-DC1599AA934E}"
EndProject
Project("{9A19103F-16F7-4668-BE54-9A1E7A4F7556}") = "pyRevitLabs.PyRevit.Runtime.2019", "pyRevitLabs.PyRevit.Runtime.2019.csproj", "{EFBE5B7E-227A-4122-98D7-D1F353AAF157}"
EndProject
Project("{9A19103F-16F7-4668-BE54-9A1E7A4F7556}") = "pyRevitLabs.PyRevit.Runtime.2020", "pyRevitLabs.PyRevit.Runtime.2020.csproj", "{F5A23012-880A-4FE6-89EC-6F9DAB148DEF}"
EndProject
Project("{9A19103F-16F7-4668-BE54-9A1E7A4F7556}") = "pyRevitLabs.PyRevit.Runtime.2021", "pyRevitLabs.PyRevit.Runtime.2021.csproj", "{479435EA-C820-49E4-942F-1274C151EE71}"
EndProject
Project("{9A19103F-16F7-4668-BE54-9A1E7A4F7556}") = "pyRevitLabs.PyRevit.Runtime.2022", "pyRevitLabs.PyRevit.Runtime.2022.csproj", "{DB535262-30DA-404D-A32E-F024FF37935C}"
EndProject
Project("{9A19103F-16F7-4668-BE54-9A1E7A4F7556}") = "pyRevitLabs.PyRevit.Runtime.2023", "pyRevitLabs.PyRevit.Runtime.2023.csproj", "{E05891D9-4833-45B5-84B4-8237D9AF6A4C}"
EndProject
Project("{9A19103F-16F7-4668-BE54-9A1E7A4F7556}") = "pyRevitLabs.PyRevit.Runtime.2024", "pyRevitLabs.PyRevit.Runtime.2024.csproj", "{E4C1B0B3-DE42-4D10-A4FB-8A478ED9DDFC}"
EndProject
Global
	GlobalSection(SolutionConfigurationPlatforms) = preSolution
		Debug|x64 = Debug|x64
		Release|x64 = Release|x64
	EndGlobalSection
	GlobalSection(ProjectConfigurationPlatforms) = postSolution
		{479435EA-C820-49E4-942F-1274C151EE71}.Debug|x64.ActiveCfg = Debug|x64
		{479435EA-C820-49E4-942F-1274C151EE71}.Debug|x64.Build.0 = Debug|x64
		{479435EA-C820-49E4-942F-1274C151EE71}.Release|x64.ActiveCfg = Release|x64
		{479435EA-C820-49E4-942F-1274C151EE71}.Release|x64.Build.0 = Release|x64
		{1B786F43-6125-42FF-8EA2-C4AEF640AEE4}.Debug|x64.ActiveCfg = Debug|x64
		{1B786F43-6125-42FF-8EA2-C4AEF640AEE4}.Debug|x64.Build.0 = Debug|x64
		{1B786F43-6125-42FF-8EA2-C4AEF640AEE4}.Release|x64.ActiveCfg = Release|x64
		{1B786F43-6125-42FF-8EA2-C4AEF640AEE4}.Release|x64.Build.0 = Release|x64
		{8CEA0B80-D74F-411F-A607-DC1599AA934E}.Debug|x64.ActiveCfg = Debug|x64
		{8CEA0B80-D74F-411F-A607-DC1599AA934E}.Debug|x64.Build.0 = Debug|x64
		{8CEA0B80-D74F-411F-A607-DC1599AA934E}.Release|x64.ActiveCfg = Release|x64
		{8CEA0B80-D74F-411F-A607-DC1599AA934E}.Release|x64.Build.0 = Release|x64
		{EFBE5B7E-227A-4122-98D7-D1F353AAF157}.Debug|x64.ActiveCfg = Debug|x64
		{EFBE5B7E-227A-4122-98D7-D1F353AAF157}.Debug|x64.Build.0 = Debug|x64
		{EFBE5B7E-227A-4122-98D7-D1F353AAF157}.Release|x64.ActiveCfg = Release|x64
		{EFBE5B7E-227A-4122-98D7-D1F353AAF157}.Release|x64.Build.0 = Release|x64
		{F5A23012-880A-4FE6-89EC-6F9DAB148DEF}.Debug|x64.ActiveCfg = Debug|x64
		{F5A23012-880A-4FE6-89EC-6F9DAB148DEF}.Debug|x64.Build.0 = Debug|x64
		{F5A23012-880A-4FE6-89EC-6F9DAB148DEF}.Release|x64.ActiveCfg = Release|x64
		{F5A23012-880A-4FE6-89EC-6F9DAB148DEF}.Release|x64.Build.0 = Release|x64
		{DB535262-30DA-404D-A32E-F024FF37935C}.Debug|x64.ActiveCfg = Debug|x64
		{DB535262-30DA-404D-A32E-F024FF37935C}.Debug|x64.Build.0 = Debug|x64
		{DB535262-30DA-404D-A32E-F024FF37935C}.Release|x64.ActiveCfg = Release|x64
		{DB535262-30DA-404D-A32E-F024FF37935C}.Release|x64.Build.0 = Release|x64
		{E05891D9-4833-45B5-84B4-8237D9AF6A4C}.Debug|x64.ActiveCfg = Debug|x64
		{E05891D9-4833-45B5-84B4-8237D9AF6A4C}.Debug|x64.Build.0 = Debug|x64
		{E05891D9-4833-45B5-84B4-8237D9AF6A4C}.Release|x64.ActiveCfg = Release|x64
		{E05891D9-4833-45B5-84B4-8237D9AF6A4C}.Release|x64.Build.0 = Release|x64
		{E4C1B0B3-DE42-4D10-A4FB-8A478ED9DDFC}.Debug|x64.ActiveCfg = Debug|x64
		{E4C1B0B3-DE42-4D10-A4FB-8A478ED9DDFC}.Debug|x64.Build.0 = Debug|x64
		{E4C1B0B3-DE42-4D10-A4FB-8A478ED9DDFC}.Release|x64.ActiveCfg = Release|x64
		{E4C1B0B3-DE42-4D10-A4FB-8A478ED9DDFC}.Release|x64.Build.0 = Release|x64
	EndGlobalSection
	GlobalSection(SolutionProperties) = preSolution
		HideSolutionNode = FALSE
	EndGlobalSection
	GlobalSection(ExtensibilityGlobals) = postSolution
		SolutionGuid = {B7C859D3-5930-40E5-A8DA-A9A71915EC30}
	EndGlobalSection
EndGlobal
